github.com/g-ameline/api_helper v0.0.0-20230919103214-70b7cbe6a251 h1:om2/b1xCkqMwUuzuZDS3AGD6cIeMZ1CyyX+XYWdrjEk=
github.com/g-ameline/api_helper v0.0.0-20230919103214-70b7cbe6a251/go.mod h1:uqgYUVDnV0lnuFolHQM0GRDT5aJRc/S9hrit0sZqTM8=
github.com/g-ameline/colors v0.0.0-20230913161816-50d666c58312 h1:ly85o5MlkZJF/LVtwCeXqwkcnFGsE3+46nYhsouhq4c=
github.com/g-ameline/colors v0.0.0-20230913161816-50d666c58312/go.mod h1:OogsCyY+CjevMkvUjqj2mEd++GtjAgK5FoO69bgL4pU=
github.com/g-ameline/colors v0.0.0-20231223083655-ae6caae4e4c2 h1:rlMBFU8+cAtPPuOyZgSdO5AWhydkj62pqYHsxq2NH88=
github.com/g-ameline/colors v0.0.0-20231223083655-ae6caae4e4c2/go.mod h1:OogsCyY+CjevMkvUjqj2mEd++GtjAgK5FoO69bgL4pU=
github.com/g-ameline/maybe v0.0.0-20230906151612-9ee76ce1955c h1:FO5eHHf98S2fCaQKRT1UXKwZwsw/8sfR83qsSiZum8o=
github.com/g-ameline/maybe v0.0.0-20230906151612-9ee76ce1955c/go.mod h1:nWF+CNifBl6PJ9klYLYCX7aZxFwwuz4Ory4UK+FE7ew=
github.com/g-ameline/sql_helper v0.0.0-20230921072026-f7f8ff3cc016 h1:f6dnPLAE7ZUEXfKnwu9K+vud9dJctJU1XG2NGRkaj5Q=
github.com/g-ameline/sql_helper v0.0.0-20230921072026-f7f8ff3cc016/go.mod h1:MVOA78jG7YmXni4ewIYlqLiTFyAcoMbV2PMbafyX91k=
github.com/g-ameline/sql_helper v0.0.0-20240103205857-8171029cbf92 h1:IsFMEkAIEAzPoLr1QoMtKQ2mRnRzWH/TG11KYuWIopc=
github.com/g-ameline/sql_helper v0.0.0-20240103205857-8171029cbf92/go.mod h1:MVOA78jG7YmXni4ewIYlqLiTFyAcoMbV2PMbafyX91k=
github.com/g-ameline/sql_helper v0.0.0-20240103210451-f62aa0bcf308 h1:20a4mwX2ReCbpqDs8hP2jFVi5qpHHPBPbwPX3alwY4U=
github.com/g-ameline/sql_helper v0.0.0-20240103210451-f62aa0bcf308/go.mod h1:MVOA78jG7YmXni4ewIYlqLiTFyAcoMbV2PMbafyX91k=
github.com/g-ameline/sql_helper v0.0.0-20240104230642-f5d3e50a0d52 h1:0kGdOjT1er1NGPFjZcynKPqg0G1MhloIb7Zb3c/OXk4=
github.com/g-ameline/sql_helper v0.0.0-20240104230642-f5d3e50a0d52/go.mod h1:MVOA78jG7YmXni4ewIYlqLiTFyAcoMbV2PMbafyX91k=
github.com/g-ameline/sql_helper v0.0.0-20240105183426-022e27b36b1c h1:xkWf2hg8U8A/hQSYmR3QpRhrfx8vr51aqXlR27Xy/HY=
github.com/g-ameline/sql_helper v0.0.0-20240105183426-022e27b36b1c/go.mod h1:MVOA78jG7YmXni4ewIYlqLiTFyAcoMbV2PMbafyX91k=
github.com/g-ameline/sql_helper v0.5.13 h1:FepM5WJ8MLFf1riY4vCoCdyezz4XWKb9M6qeeAkWBBM=
github.com/g-ameline/sql_helper v0.5.13/go.mod h1:MVOA78jG7YmXni4ewIYlqLiTFyAcoMbV2PMbafyX91k=
github.com/mattn/go-sqlite3 v1.14.17 h1:mCRHCLDUBXgpKAqIKsaAaAsrAlbkeomtRFKXh2L6YIM=
github.com/mattn/go-sqlite3 v1.14.17/go.mod h1:2eHXhiwb8IkHr+BDWZGa96P6+rkvnG63S2DGjv9HUNg=
