github.com/g-ameline/api_helper v0.0.0-20230919103214-70b7cbe6a251 h1:om2/b1xCkqMwUuzuZDS3AGD6cIeMZ1CyyX+XYWdrjEk=
github.com/g-ameline/api_helper v0.0.0-20230919103214-70b7cbe6a251/go.mod h1:uqgYUVDnV0lnuFolHQM0GRDT5aJRc/S9hrit0sZqTM8=
github.com/g-ameline/colors v0.0.0-20230913161816-50d666c58312 h1:ly85o5MlkZJF/LVtwCeXqwkcnFGsE3+46nYhsouhq4c=
github.com/g-ameline/colors v0.0.0-20230913161816-50d666c58312/go.mod h1:OogsCyY+CjevMkvUjqj2mEd++GtjAgK5FoO69bgL4pU=
github.com/g-ameline/colors v0.0.0-20231221084834-569438938bb4 h1:CaZYdMJ176cic2Hgz5p2Ipb6yNYHnm04ED0KQUL4G9Q=
github.com/g-ameline/colors v0.0.0-20231221084834-569438938bb4/go.mod h1:OogsCyY+CjevMkvUjqj2mEd++GtjAgK5FoO69bgL4pU=
github.com/g-ameline/colors v0.0.0-20231223083655-ae6caae4e4c2 h1:rlMBFU8+cAtPPuOyZgSdO5AWhydkj62pqYHsxq2NH88=
github.com/g-ameline/colors v0.0.0-20231223083655-ae6caae4e4c2/go.mod h1:OogsCyY+CjevMkvUjqj2mEd++GtjAgK5FoO69bgL4pU=
github.com/g-ameline/maybe v0.0.0-20230830145714-d417c248f731 h1:6lpkbP4QXDI5Uu59wWGvByUvezqUE7apbWTBsl4b3cg=
github.com/g-ameline/maybe v0.0.0-20230830145714-d417c248f731/go.mod h1:nWF+CNifBl6PJ9klYLYCX7aZxFwwuz4Ory4UK+FE7ew=
github.com/g-ameline/maybe v0.0.0-20230906151612-9ee76ce1955c h1:FO5eHHf98S2fCaQKRT1UXKwZwsw/8sfR83qsSiZum8o=
github.com/g-ameline/maybe v0.0.0-20230906151612-9ee76ce1955c/go.mod h1:nWF+CNifBl6PJ9klYLYCX7aZxFwwuz4Ory4UK+FE7ew=
github.com/g-ameline/maybe v0.0.0-20231221195105-1c9fc303f65b h1:H6hs9mUcH6LFS2avgqyKUjWDcUzcUQf8uaL/e4pf80Q=
github.com/g-ameline/maybe v0.0.0-20231221195105-1c9fc303f65b/go.mod h1:nWF+CNifBl6PJ9klYLYCX7aZxFwwuz4Ory4UK+FE7ew=
github.com/g-ameline/maybe v0.0.0-20231222092219-efba78806b1b h1:z9zPOGO9sVpMwut10B1fW7Ql2ZCT0D+3B+1bEv1pN9A=
github.com/g-ameline/maybe v0.0.0-20231222092219-efba78806b1b/go.mod h1:nWF+CNifBl6PJ9klYLYCX7aZxFwwuz4Ory4UK+FE7ew=
github.com/g-ameline/maybe v0.0.0-20231222100149-dca9782c578d h1:GpO4JdOboxitrrB/LRn3wKDyTVksOBOnKm5FMo2yKHU=
github.com/g-ameline/maybe v0.0.0-20231222100149-dca9782c578d/go.mod h1:nWF+CNifBl6PJ9klYLYCX7aZxFwwuz4Ory4UK+FE7ew=
github.com/g-ameline/maybe v0.0.0-20231222110240-7e9c12425b8c h1:KR0eKnpHRVn0hED8dWo7s/UKGhBtkGsnZcKOfP1a/Mw=
github.com/g-ameline/maybe v0.0.0-20231222110240-7e9c12425b8c/go.mod h1:nWF+CNifBl6PJ9klYLYCX7aZxFwwuz4Ory4UK+FE7ew=
github.com/g-ameline/maybe v0.0.0-20231222203054-b41501cbde19 h1:+kxppn1iMo/8QcEI3AgojY9TR63hr7a9K62CZP6mR8c=
github.com/g-ameline/maybe v0.0.0-20231222203054-b41501cbde19/go.mod h1:nWF+CNifBl6PJ9klYLYCX7aZxFwwuz4Ory4UK+FE7ew=
github.com/g-ameline/maybe v0.0.0-20231223205643-8e11da6518dc h1:XC0Pk1Iw2JmfM6qyoi91/2/bxeAdtRzzuNxRGpWlG6c=
github.com/g-ameline/maybe v0.0.0-20231223205643-8e11da6518dc/go.mod h1:nWF+CNifBl6PJ9klYLYCX7aZxFwwuz4Ory4UK+FE7ew=
github.com/g-ameline/maybe v0.0.0-20231225084108-ad36d049804e h1:t4IzFw7oUP+OS5YrEWajdH2g6rBGueLTJwJ2/4NfWYg=
github.com/g-ameline/maybe v0.0.0-20231225084108-ad36d049804e/go.mod h1:nWF+CNifBl6PJ9klYLYCX7aZxFwwuz4Ory4UK+FE7ew=
github.com/g-ameline/maybe v0.0.0-20231225084347-721117bffaef h1:tPCwyCkkRR/Hvp1QqdqPtbXtcNGzjAqd8smNgefgI6w=
github.com/g-ameline/maybe v0.0.0-20231225084347-721117bffaef/go.mod h1:nWF+CNifBl6PJ9klYLYCX7aZxFwwuz4Ory4UK+FE7ew=
github.com/g-ameline/maybe v0.0.0-20231225104451-5f8c83ea099e h1:icyS37TPQW3/xFnCarFOrWNcGJMt+sMKitlWY4qbIIE=
github.com/g-ameline/maybe v0.0.0-20231225104451-5f8c83ea099e/go.mod h1:nWF+CNifBl6PJ9klYLYCX7aZxFwwuz4Ory4UK+FE7ew=
github.com/g-ameline/maybe v0.0.0-20240103150715-e5ea643f69dd h1:jsn3eCZSc9J9Ne9COKr99BI6KoYFJGGD+8K7oJOJ3XM=
github.com/g-ameline/maybe v0.0.0-20240103150715-e5ea643f69dd/go.mod h1:nWF+CNifBl6PJ9klYLYCX7aZxFwwuz4Ory4UK+FE7ew=
github.com/g-ameline/sql_helper v0.5.13 h1:FepM5WJ8MLFf1riY4vCoCdyezz4XWKb9M6qeeAkWBBM=
github.com/g-ameline/sql_helper v0.5.13/go.mod h1:MVOA78jG7YmXni4ewIYlqLiTFyAcoMbV2PMbafyX91k=
github.com/google/uuid v1.4.0 h1:MtMxsa51/r9yyhkyLsVeVt0B+BGQZzpQiTQ4eHZ8bc4=
github.com/google/uuid v1.4.0/go.mod h1:TIyPZe4MgqvfeYDBFedMoGGpEw/LqOeaOT+nhxU+yHo=
github.com/gorilla/websocket v1.5.1 h1:gmztn0JnHVt9JZquRuzLw3g4wouNVzKL15iLr/zn/QY=
github.com/gorilla/websocket v1.5.1/go.mod h1:x3kM2JMyaluk02fnUJpQuwD2dCS5NDG2ZHL0uE0tcaY=
github.com/mattn/go-sqlite3 v1.14.17 h1:mCRHCLDUBXgpKAqIKsaAaAsrAlbkeomtRFKXh2L6YIM=
github.com/mattn/go-sqlite3 v1.14.17/go.mod h1:2eHXhiwb8IkHr+BDWZGa96P6+rkvnG63S2DGjv9HUNg=
golang.org/x/net v0.17.0 h1:pVaXccu2ozPjCXewfr1S7xza/zcXTity9cCdXQYSjIM=
golang.org/x/net v0.17.0/go.mod h1:NxSsAGuq816PNPmqtQdLE42eU2Fs7NoRIZrHJAlaCOE=
